
Microsoft Visual Studio Solution File, Format Version 12.00
# Visual Studio Version 16
VisualStudioVersion = 16.0.30114.105
MinimumVisualStudioVersion = 10.0.40219.1
Project("{FAE04EC0-301F-11D3-BF4B-00C04F79EFBC}") = "EventPrac", "EventPrac\EventPrac.csproj", "{63130523-EDDB-402B-BA44-2AA5C5388DA8}"
EndProject
Global
	GlobalSection(SolutionConfigurationPlatforms) = preSolution
		Debug|Any CPU = Debug|Any CPU
		Release|Any CPU = Release|Any CPU
	EndGlobalSection
	GlobalSection(ProjectConfigurationPlatforms) = postSolution
		{63130523-EDDB-402B-BA44-2AA5C5388DA8}.Debug|Any CPU.ActiveCfg = Debug|Any CPU
		{63130523-EDDB-402B-BA44-2AA5C5388DA8}.Debug|Any CPU.Build.0 = Debug|Any CPU
		{63130523-EDDB-402B-BA44-2AA5C5388DA8}.Release|Any CPU.ActiveCfg = Release|Any CPU
		{63130523-EDDB-402B-BA44-2AA5C5388DA8}.Release|Any CPU.Build.0 = Release|Any CPU
	EndGlobalSection
	GlobalSection(SolutionProperties) = preSolution
		HideSolutionNode = FALSE
	EndGlobalSection
	GlobalSection(ExtensibilityGlobals) = postSolution
		SolutionGuid = {32ED7F0B-28CD-4EE1-B1C0-6478A67B347E}
	EndGlobalSection
EndGlobal
